
Microsoft Visual Studio Solution File, Format Version 12.00
# Visual Studio Version 16
VisualStudioVersion = 16.0.31313.79
MinimumVisualStudioVersion = 10.0.40219.1
Project("{FAE04EC0-301F-11D3-BF4B-00C04F79EFBC}") = "ContactManager", "ContactManager\ContactManager.csproj", "{A55FA79F-4BD5-42BD-BDB9-5CF3A01AD8CF}"
EndProject
Project("{FAE04EC0-301F-11D3-BF4B-00C04F79EFBC}") = "Data", "Data\Data.csproj", "{BA4D19C7-3F61-47BA-A761-F4D5D4B26096}"
EndProject
Project("{FAE04EC0-301F-11D3-BF4B-00C04F79EFBC}") = "DataServices", "DataServices\DataServices.csproj", "{D113F9B3-151E-40BB-BE4E-833584C1A424}"
EndProject
Global
	GlobalSection(SolutionConfigurationPlatforms) = preSolution
		Debug|Any CPU = Debug|Any CPU
		Release|Any CPU = Release|Any CPU
	EndGlobalSection
	GlobalSection(ProjectConfigurationPlatforms) = postSolution
		{A55FA79F-4BD5-42BD-BDB9-5CF3A01AD8CF}.Debug|Any CPU.ActiveCfg = Debug|Any CPU
		{A55FA79F-4BD5-42BD-BDB9-5CF3A01AD8CF}.Debug|Any CPU.Build.0 = Debug|Any CPU
		{A55FA79F-4BD5-42BD-BDB9-5CF3A01AD8CF}.Release|Any CPU.ActiveCfg = Release|Any CPU
		{A55FA79F-4BD5-42BD-BDB9-5CF3A01AD8CF}.Release|Any CPU.Build.0 = Release|Any CPU
		{BA4D19C7-3F61-47BA-A761-F4D5D4B26096}.Debug|Any CPU.ActiveCfg = Debug|Any CPU
		{BA4D19C7-3F61-47BA-A761-F4D5D4B26096}.Debug|Any CPU.Build.0 = Debug|Any CPU
		{BA4D19C7-3F61-47BA-A761-F4D5D4B26096}.Release|Any CPU.ActiveCfg = Release|Any CPU
		{BA4D19C7-3F61-47BA-A761-F4D5D4B26096}.Release|Any CPU.Build.0 = Release|Any CPU
		{D113F9B3-151E-40BB-BE4E-833584C1A424}.Debug|Any CPU.ActiveCfg = Debug|Any CPU
		{D113F9B3-151E-40BB-BE4E-833584C1A424}.Debug|Any CPU.Build.0 = Debug|Any CPU
		{D113F9B3-151E-40BB-BE4E-833584C1A424}.Release|Any CPU.ActiveCfg = Release|Any CPU
		{D113F9B3-151E-40BB-BE4E-833584C1A424}.Release|Any CPU.Build.0 = Release|Any CPU
	EndGlobalSection
	GlobalSection(SolutionProperties) = preSolution
		HideSolutionNode = FALSE
	EndGlobalSection
	GlobalSection(ExtensibilityGlobals) = postSolution
		SolutionGuid = {8A13E8A0-8282-4B42-98B5-02E1A31A1D07}
	EndGlobalSection
EndGlobal
